{
  "requires": true,
  "lockfileVersion": 1,
  "dependencies": {
    "adaptivecards": {
      "version": "1.2.5",
      "resolved": "https://registry.npmjs.org/adaptivecards/-/adaptivecards-1.2.5.tgz",
      "integrity": "sha512-Rj+QK0qtBOfLGy3ClXylKxL4ze/a6mtPiJL7Ctjyc1Uso9O1x/LAAu49F36ZQbgAa8vWkKW91RKcwBBOxk3HDg=="
    }
  }
}
