
Microsoft Visual Studio Solution File, Format Version 12.00
# Visual Studio 15
VisualStudioVersion = 15.0.27428.2037
MinimumVisualStudioVersion = 10.0.40219.1
Project("{FAE04EC0-301F-11D3-BF4B-00C04F79EFBC}") = "ConvertToPDFRequest", "ConvertToPDFRequest\ConvertToPDFRequest.csproj", "{ACD95786-465C-403D-964F-12529163D48B}"
EndProject
Global
	GlobalSection(SolutionConfigurationPlatforms) = preSolution
		Debug|Any CPU = Debug|Any CPU
		Release|Any CPU = Release|Any CPU
	EndGlobalSection
	GlobalSection(ProjectConfigurationPlatforms) = postSolution
		{ACD95786-465C-403D-964F-12529163D48B}.Debug|Any CPU.ActiveCfg = Debug|Any CPU
		{ACD95786-465C-403D-964F-12529163D48B}.Debug|Any CPU.Build.0 = Debug|Any CPU
		{ACD95786-465C-403D-964F-12529163D48B}.Release|Any CPU.ActiveCfg = Release|Any CPU
		{ACD95786-465C-403D-964F-12529163D48B}.Release|Any CPU.Build.0 = Release|Any CPU
	EndGlobalSection
	GlobalSection(SolutionProperties) = preSolution
		HideSolutionNode = FALSE
	EndGlobalSection
	GlobalSection(ExtensibilityGlobals) = postSolution
		SolutionGuid = {B78C3ED8-58EE-4266-9879-91112B50EACD}
	EndGlobalSection
EndGlobal
