Microsoft Visual Studio Solution File, Format Version 12.00
# Visual Studio Version 17
VisualStudioVersion = 17.5.2.0
MinimumVisualStudioVersion = 10.0.40219.1
Project("{FAE04EC0-301F-11D3-BF4B-00C04F79EFBC}") = "func", "func\func.csproj", "{EA5B60F1-ED3A-C5AF-C64C-49D632106C69}"
EndProject
Global
	GlobalSection(SolutionConfigurationPlatforms) = preSolution
		Debug|Any CPU = Debug|Any CPU
		Release|Any CPU = Release|Any CPU
	EndGlobalSection
	GlobalSection(ProjectConfigurationPlatforms) = postSolution
		{EA5B60F1-ED3A-C5AF-C64C-49D632106C69}.Debug|Any CPU.ActiveCfg = Debug|Any CPU
		{EA5B60F1-ED3A-C5AF-C64C-49D632106C69}.Debug|Any CPU.Build.0 = Debug|Any CPU
		{EA5B60F1-ED3A-C5AF-C64C-49D632106C69}.Release|Any CPU.ActiveCfg = Release|Any CPU
		{EA5B60F1-ED3A-C5AF-C64C-49D632106C69}.Release|Any CPU.Build.0 = Release|Any CPU
	EndGlobalSection
	GlobalSection(SolutionProperties) = preSolution
		HideSolutionNode = FALSE
	EndGlobalSection
	GlobalSection(ExtensibilityGlobals) = postSolution
		SolutionGuid = {7010364F-CEB6-4136-90A3-F9EE2CE054B4}
	EndGlobalSection
EndGlobal
