
Microsoft Visual Studio Solution File, Format Version 12.00
# Visual Studio Version 17
VisualStudioVersion = 17.13.35825.156 d17.13
MinimumVisualStudioVersion = 10.0.40219.1
Project("{FAE04EC0-301F-11D3-BF4B-00C04F79EFBC}") = "DocumentRedactionApp", "DocumentRedactionApp.csproj", "{96CDED07-9855-4D3D-9ADE-7152A6566265}"
EndProject
Global
	GlobalSection(SolutionConfigurationPlatforms) = preSolution
		Debug|Any CPU = Debug|Any CPU
		Release|Any CPU = Release|Any CPU
	EndGlobalSection
	GlobalSection(ProjectConfigurationPlatforms) = postSolution
		{96CDED07-9855-4D3D-9ADE-7152A6566265}.Debug|Any CPU.ActiveCfg = Debug|Any CPU
		{96CDED07-9855-4D3D-9ADE-7152A6566265}.Debug|Any CPU.Build.0 = Debug|Any CPU
		{96CDED07-9855-4D3D-9ADE-7152A6566265}.Release|Any CPU.ActiveCfg = Release|Any CPU
		{96CDED07-9855-4D3D-9ADE-7152A6566265}.Release|Any CPU.Build.0 = Release|Any CPU
	EndGlobalSection
	GlobalSection(SolutionProperties) = preSolution
		HideSolutionNode = FALSE
	EndGlobalSection
	GlobalSection(ExtensibilityGlobals) = postSolution
		SolutionGuid = {3B2AC917-CAEA-4AE5-A13B-D63E1972AD94}
	EndGlobalSection
EndGlobal
