
Microsoft Visual Studio Solution File, Format Version 12.00
# Visual Studio Version 17
VisualStudioVersion = 17.11.35222.181
MinimumVisualStudioVersion = 10.0.40219.1
Project("{FAE04EC0-301F-11D3-BF4B-00C04F79EFBC}") = "O365C.AIDocument.Assistant", "O365C.AIDocument.Assistant.csproj", "{762A30AA-C789-40BF-8B5C-F08E9B4994BD}"
EndProject
Global
	GlobalSection(SolutionConfigurationPlatforms) = preSolution
		Debug|Any CPU = Debug|Any CPU
		Release|Any CPU = Release|Any CPU
	EndGlobalSection
	GlobalSection(ProjectConfigurationPlatforms) = postSolution
		{762A30AA-C789-40BF-8B5C-F08E9B4994BD}.Debug|Any CPU.ActiveCfg = Debug|Any CPU
		{762A30AA-C789-40BF-8B5C-F08E9B4994BD}.Debug|Any CPU.Build.0 = Debug|Any CPU
		{762A30AA-C789-40BF-8B5C-F08E9B4994BD}.Release|Any CPU.ActiveCfg = Release|Any CPU
		{762A30AA-C789-40BF-8B5C-F08E9B4994BD}.Release|Any CPU.Build.0 = Release|Any CPU
	EndGlobalSection
	GlobalSection(SolutionProperties) = preSolution
		HideSolutionNode = FALSE
	EndGlobalSection
	GlobalSection(ExtensibilityGlobals) = postSolution
		SolutionGuid = {8E3A9AFA-CF33-4094-9599-56B0DF6FB1EA}
	EndGlobalSection
EndGlobal
